
Microsoft Visual Studio Solution File, Format Version 12.00
# Visual Studio 15
VisualStudioVersion = 15.0.26730.12
MinimumVisualStudioVersion = 10.0.40219.1
Project("{FAE04EC0-301F-11D3-BF4B-00C04F79EFBC}") = "DotNet.Revit.InvokeCommand", "DotNet.Revit.InvokeCommand\DotNet.Revit.InvokeCommand.csproj", "{F40BCA44-2737-4530-866C-B8ECB07696BE}"
EndProject
Project("{FAE04EC0-301F-11D3-BF4B-00C04F79EFBC}") = "DotNet.Revit.ShortKey", "DotNet.Revit.ShortKey\DotNet.Revit.ShortKey.csproj", "{BB36AF9B-E8EC-42BA-AEA8-21C7B6C94058}"
EndProject
Project("{FAE04EC0-301F-11D3-BF4B-00C04F79EFBC}") = "DotNet.Revit.GeometryObject", "DotNet.Revit.GeometryObject\DotNet.Revit.GeometryObject.csproj", "{61F38117-EB54-46B6-96BB-D62B3E0E599A}"
EndProject
Project("{FAE04EC0-301F-11D3-BF4B-00C04F79EFBC}") = "DotNet.Revit.Ribbon", "DotNet.Revit.Ribbon\DotNet.Revit.Ribbon.csproj", "{6519EF10-60A9-46DE-A14E-9B8787BCC5FC}"
EndProject
Project("{FAE04EC0-301F-11D3-BF4B-00C04F79EFBC}") = "DotNet.Revit.ViewTransform", "DotNet.Revit.ViewTransform\DotNet.Revit.ViewTransform.csproj", "{748628B2-77B6-4C20-AE98-7C78F71386AB}"
EndProject
Project("{FAE04EC0-301F-11D3-BF4B-00C04F79EFBC}") = "DotNet.Revit.ExternalEvent", "DotNet.Revit.ExternalEvent\DotNet.Revit.ExternalEvent.csproj", "{7164311A-01C1-4FAB-97DB-B9310C973800}"
EndProject
Project("{FAE04EC0-301F-11D3-BF4B-00C04F79EFBC}") = "DotNet.Revit.NET", "DotNet.Revit.NET\DotNet.Revit.NET.csproj", "{A4D8216D-D414-4482-A1DC-98A972D09227}"
EndProject
Project("{FAE04EC0-301F-11D3-BF4B-00C04F79EFBC}") = "DotNet.Exchange.Revit", "DotNet.Exchange.Revit\DotNet.Exchange.Revit.csproj", "{22EDDE0F-0E6A-4C47-AEA5-17027830F236}"
EndProject
Project("{FAE04EC0-301F-11D3-BF4B-00C04F79EFBC}") = "DotNet.Revit.Hook", "DotNet.Revit.Hook\DotNet.Revit.Hook.csproj", "{957A91DD-D04D-4811-82B7-7350A444CB12}"
EndProject
Project("{2150E333-8FDC-42A3-9474-1A3956D46DE8}") = "frames", "frames", "{EED62B00-70DF-4A90-9EB3-DD11B848BDE1}"
EndProject
Project("{D954291E-2A0B-460D-934E-DC6B0785DB48}") = "DotNet.RevitUI", "DotNet.RevitUI\DotNet.RevitUI.shproj", "{824F3074-0794-4A6E-A2AD-36638408846C}"
EndProject
Project("{FAE04EC0-301F-11D3-BF4B-00C04F79EFBC}") = "DotNet.RevitUI (2016)", "DotNet.RevitUI (2016)\DotNet.RevitUI (2016).csproj", "{22F6CC59-E396-4477-9215-21777C68E044}"
EndProject
Project("{2150E333-8FDC-42A3-9474-1A3956D46DE8}") = "Test", "Test", "{1F01D2AB-DD0F-49E5-AE78-E157FDA5D42C}"
EndProject
Project("{FAE04EC0-301F-11D3-BF4B-00C04F79EFBC}") = "Test.DotNet.RevitUI (2016)", "Test.DotNet.RevitUI (2016)\Test.DotNet.RevitUI (2016).csproj", "{F4B2970D-431C-4801-A65D-F48FEE8C650A}"
EndProject
Global
	GlobalSection(SharedMSBuildProjectFiles) = preSolution
		DotNet.RevitUI\DotNet.RevitUI.projitems*{22f6cc59-e396-4477-9215-21777c68e044}*SharedItemsImports = 4
		DotNet.RevitUI\DotNet.RevitUI.projitems*{824f3074-0794-4a6e-a2ad-36638408846c}*SharedItemsImports = 13
	EndGlobalSection
	GlobalSection(SolutionConfigurationPlatforms) = preSolution
		Debug|Any CPU = Debug|Any CPU
		Release|Any CPU = Release|Any CPU
	EndGlobalSection
	GlobalSection(ProjectConfigurationPlatforms) = postSolution
		{F40BCA44-2737-4530-866C-B8ECB07696BE}.Debug|Any CPU.ActiveCfg = Debug|Any CPU
		{F40BCA44-2737-4530-866C-B8ECB07696BE}.Debug|Any CPU.Build.0 = Debug|Any CPU
		{F40BCA44-2737-4530-866C-B8ECB07696BE}.Release|Any CPU.ActiveCfg = Release|Any CPU
		{F40BCA44-2737-4530-866C-B8ECB07696BE}.Release|Any CPU.Build.0 = Release|Any CPU
		{BB36AF9B-E8EC-42BA-AEA8-21C7B6C94058}.Debug|Any CPU.ActiveCfg = Debug|Any CPU
		{BB36AF9B-E8EC-42BA-AEA8-21C7B6C94058}.Debug|Any CPU.Build.0 = Debug|Any CPU
		{BB36AF9B-E8EC-42BA-AEA8-21C7B6C94058}.Release|Any CPU.ActiveCfg = Release|Any CPU
		{BB36AF9B-E8EC-42BA-AEA8-21C7B6C94058}.Release|Any CPU.Build.0 = Release|Any CPU
		{61F38117-EB54-46B6-96BB-D62B3E0E599A}.Debug|Any CPU.ActiveCfg = Debug|Any CPU
		{61F38117-EB54-46B6-96BB-D62B3E0E599A}.Debug|Any CPU.Build.0 = Debug|Any CPU
		{61F38117-EB54-46B6-96BB-D62B3E0E599A}.Release|Any CPU.ActiveCfg = Release|Any CPU
		{61F38117-EB54-46B6-96BB-D62B3E0E599A}.Release|Any CPU.Build.0 = Release|Any CPU
		{6519EF10-60A9-46DE-A14E-9B8787BCC5FC}.Debug|Any CPU.ActiveCfg = Debug|Any CPU
		{6519EF10-60A9-46DE-A14E-9B8787BCC5FC}.Debug|Any CPU.Build.0 = Debug|Any CPU
		{6519EF10-60A9-46DE-A14E-9B8787BCC5FC}.Release|Any CPU.ActiveCfg = Release|Any CPU
		{6519EF10-60A9-46DE-A14E-9B8787BCC5FC}.Release|Any CPU.Build.0 = Release|Any CPU
		{748628B2-77B6-4C20-AE98-7C78F71386AB}.Debug|Any CPU.ActiveCfg = Debug|Any CPU
		{748628B2-77B6-4C20-AE98-7C78F71386AB}.Debug|Any CPU.Build.0 = Debug|Any CPU
		{748628B2-77B6-4C20-AE98-7C78F71386AB}.Release|Any CPU.ActiveCfg = Release|Any CPU
		{748628B2-77B6-4C20-AE98-7C78F71386AB}.Release|Any CPU.Build.0 = Release|Any CPU
		{7164311A-01C1-4FAB-97DB-B9310C973800}.Debug|Any CPU.ActiveCfg = Debug|Any CPU
		{7164311A-01C1-4FAB-97DB-B9310C973800}.Debug|Any CPU.Build.0 = Debug|Any CPU
		{7164311A-01C1-4FAB-97DB-B9310C973800}.Release|Any CPU.ActiveCfg = Release|Any CPU
		{7164311A-01C1-4FAB-97DB-B9310C973800}.Release|Any CPU.Build.0 = Release|Any CPU
		{A4D8216D-D414-4482-A1DC-98A972D09227}.Debug|Any CPU.ActiveCfg = Debug|Any CPU
		{A4D8216D-D414-4482-A1DC-98A972D09227}.Debug|Any CPU.Build.0 = Debug|Any CPU
		{A4D8216D-D414-4482-A1DC-98A972D09227}.Release|Any CPU.ActiveCfg = Release|Any CPU
		{A4D8216D-D414-4482-A1DC-98A972D09227}.Release|Any CPU.Build.0 = Release|Any CPU
		{22EDDE0F-0E6A-4C47-AEA5-17027830F236}.Debug|Any CPU.ActiveCfg = Debug|Any CPU
		{22EDDE0F-0E6A-4C47-AEA5-17027830F236}.Debug|Any CPU.Build.0 = Debug|Any CPU
		{22EDDE0F-0E6A-4C47-AEA5-17027830F236}.Release|Any CPU.ActiveCfg = Release|Any CPU
		{22EDDE0F-0E6A-4C47-AEA5-17027830F236}.Release|Any CPU.Build.0 = Release|Any CPU
		{957A91DD-D04D-4811-82B7-7350A444CB12}.Debug|Any CPU.ActiveCfg = Debug|Any CPU
		{957A91DD-D04D-4811-82B7-7350A444CB12}.Debug|Any CPU.Build.0 = Debug|Any CPU
		{957A91DD-D04D-4811-82B7-7350A444CB12}.Release|Any CPU.ActiveCfg = Release|Any CPU
		{957A91DD-D04D-4811-82B7-7350A444CB12}.Release|Any CPU.Build.0 = Release|Any CPU
		{22F6CC59-E396-4477-9215-21777C68E044}.Debug|Any CPU.ActiveCfg = Debug|Any CPU
		{22F6CC59-E396-4477-9215-21777C68E044}.Debug|Any CPU.Build.0 = Debug|Any CPU
		{22F6CC59-E396-4477-9215-21777C68E044}.Release|Any CPU.ActiveCfg = Release|Any CPU
		{22F6CC59-E396-4477-9215-21777C68E044}.Release|Any CPU.Build.0 = Release|Any CPU
		{F4B2970D-431C-4801-A65D-F48FEE8C650A}.Debug|Any CPU.ActiveCfg = Debug|Any CPU
		{F4B2970D-431C-4801-A65D-F48FEE8C650A}.Debug|Any CPU.Build.0 = Debug|Any CPU
		{F4B2970D-431C-4801-A65D-F48FEE8C650A}.Release|Any CPU.ActiveCfg = Release|Any CPU
		{F4B2970D-431C-4801-A65D-F48FEE8C650A}.Release|Any CPU.Build.0 = Release|Any CPU
	EndGlobalSection
	GlobalSection(SolutionProperties) = preSolution
		HideSolutionNode = FALSE
	EndGlobalSection
	GlobalSection(NestedProjects) = preSolution
		{824F3074-0794-4A6E-A2AD-36638408846C} = {EED62B00-70DF-4A90-9EB3-DD11B848BDE1}
		{22F6CC59-E396-4477-9215-21777C68E044} = {EED62B00-70DF-4A90-9EB3-DD11B848BDE1}
		{1F01D2AB-DD0F-49E5-AE78-E157FDA5D42C} = {EED62B00-70DF-4A90-9EB3-DD11B848BDE1}
		{F4B2970D-431C-4801-A65D-F48FEE8C650A} = {1F01D2AB-DD0F-49E5-AE78-E157FDA5D42C}
	EndGlobalSection
	GlobalSection(ExtensibilityGlobals) = postSolution
		SolutionGuid = {4212863E-A4CB-4F93-877C-346926AF014E}
	EndGlobalSection
EndGlobal
